
Microsoft Visual Studio Solution File, Format Version 12.00
# Visual Studio Version 16
VisualStudioVersion = 16.0.29905.134
MinimumVisualStudioVersion = 10.0.40219.1
Project("{FAE04EC0-301F-11D3-BF4B-00C04F79EFBC}") = "BuildingMaterialsStores.DAL", "BuildingMaterialsStores.DAL\BuildingMaterialsStores.DAL.csproj", "{D2232C59-DE3A-4212-B12B-EEC2834E7DD0}"
EndProject
Project("{FAE04EC0-301F-11D3-BF4B-00C04F79EFBC}") = "BuildingMaterialsStores.WEBAPI", "BuildingMaterialsStores.WEBAPI\BuildingMaterialsStores.WEBAPI.csproj", "{15F4C449-1B37-4D80-BB36-6D5CEA930DED}"
EndProject
Global
	GlobalSection(SolutionConfigurationPlatforms) = preSolution
		Debug|Any CPU = Debug|Any CPU
		Release|Any CPU = Release|Any CPU
	EndGlobalSection
	GlobalSection(ProjectConfigurationPlatforms) = postSolution
		{D2232C59-DE3A-4212-B12B-EEC2834E7DD0}.Debug|Any CPU.ActiveCfg = Debug|Any CPU
		{D2232C59-DE3A-4212-B12B-EEC2834E7DD0}.Debug|Any CPU.Build.0 = Debug|Any CPU
		{D2232C59-DE3A-4212-B12B-EEC2834E7DD0}.Release|Any CPU.ActiveCfg = Release|Any CPU
		{D2232C59-DE3A-4212-B12B-EEC2834E7DD0}.Release|Any CPU.Build.0 = Release|Any CPU
		{15F4C449-1B37-4D80-BB36-6D5CEA930DED}.Debug|Any CPU.ActiveCfg = Debug|Any CPU
		{15F4C449-1B37-4D80-BB36-6D5CEA930DED}.Debug|Any CPU.Build.0 = Debug|Any CPU
		{15F4C449-1B37-4D80-BB36-6D5CEA930DED}.Release|Any CPU.ActiveCfg = Release|Any CPU
		{15F4C449-1B37-4D80-BB36-6D5CEA930DED}.Release|Any CPU.Build.0 = Release|Any CPU
	EndGlobalSection
	GlobalSection(SolutionProperties) = preSolution
		HideSolutionNode = FALSE
	EndGlobalSection
	GlobalSection(ExtensibilityGlobals) = postSolution
		SolutionGuid = {1D741C7E-B315-47C3-AFF4-69C4A2591D50}
	EndGlobalSection
EndGlobal
